
Microsoft Visual Studio Solution File, Format Version 12.00
# Visual Studio Version 17
VisualStudioVersion = 17.9.34701.34
MinimumVisualStudioVersion = 10.0.40219.1
Project("{9A19103F-16F7-4668-BE54-9A1E7A4F7556}") = "1Generics", "1Generics\1Generics.csproj", "{2B5B8470-A11E-4254-B3C8-5B96FAFCEE4A}"
EndProject
Project("{9A19103F-16F7-4668-BE54-9A1E7A4F7556}") = "3Analise1", "3Analise1\3Analise1.csproj", "{2E281F2B-F683-47B9-A7D6-431A24E4C08C}"
EndProject
Project("{9A19103F-16F7-4668-BE54-9A1E7A4F7556}") = "4Analise2", "4Analise2\4Analise2.csproj", "{A0DEA566-6355-48FC-89C7-3534D53E10DD}"
EndProject
Project("{9A19103F-16F7-4668-BE54-9A1E7A4F7556}") = "5Analise3", "5Analise3\5Analise3.csproj", "{7220CEEC-2998-4A5A-9ECA-BE37EF2A0B96}"
EndProject
Project("{9A19103F-16F7-4668-BE54-9A1E7A4F7556}") = "2Generics", "2Generics\2Generics.csproj", "{6418F35C-E1B2-44DC-A813-581E6955E7D4}"
EndProject
Project("{9A19103F-16F7-4668-BE54-9A1E7A4F7556}") = "6ExercicioGenerics", "6ExercicioGenerics\6ExercicioGenerics.csproj", "{BD65B55F-D1C6-4F6E-983E-9A1F1F88209F}"
EndProject
Project("{9A19103F-16F7-4668-BE54-9A1E7A4F7556}") = "7GetHashCode_Equals", "7GetHashCode_Equals\7GetHashCode_Equals.csproj", "{C037AFA0-9ADE-4C7A-A61E-F7DD4565EA29}"
EndProject
Project("{9A19103F-16F7-4668-BE54-9A1E7A4F7556}") = "8ExemploGetHashCode", "8ExemploGetHashCode\8ExemploGetHashCode.csproj", "{49766631-672F-4373-B800-5E2ACC0E8527}"
EndProject
Project("{9A19103F-16F7-4668-BE54-9A1E7A4F7556}") = "9Dictionary", "9Dictionary\9Dictionary.csproj", "{017371EF-9773-4FAD-87C2-51CDBF672279}"
EndProject
Project("{9A19103F-16F7-4668-BE54-9A1E7A4F7556}") = "10ExercicioDictionary", "10ExercicioDictionary\10ExercicioDictionary.csproj", "{ACAD2AB3-557D-44D4-849A-CE1ED60714FE}"
EndProject
Project("{9A19103F-16F7-4668-BE54-9A1E7A4F7556}") = "11SortedDictionary", "11SortedDictionary\11SortedDictionary.csproj", "{7B3CF936-F061-4E93-885C-CBF06E4045B4}"
EndProject
Project("{9A19103F-16F7-4668-BE54-9A1E7A4F7556}") = "12HashSet", "12HashSet\12HashSet.csproj", "{59990E38-475E-42C7-B764-67FC9FF354AD}"
EndProject
Project("{9A19103F-16F7-4668-BE54-9A1E7A4F7556}") = "13HashSet_Pt2", "13HashSet_Pt2\13HashSet_Pt2.csproj", "{C48619AF-A033-450A-9854-D86A48988D3D}"
EndProject
Project("{FAE04EC0-301F-11D3-BF4B-00C04F79EFBC}") = "14SortedSet", "14SortedSet\14SortedSet.csproj", "{6A788509-6FDA-43A7-981C-76631B807233}"
EndProject
Project("{FAE04EC0-301F-11D3-BF4B-00C04F79EFBC}") = "15Stack", "15Stack\15Stack.csproj", "{5B842D10-7220-4DB5-8600-038C9105ADDF}"
EndProject
Global
	GlobalSection(SolutionConfigurationPlatforms) = preSolution
		Debug|Any CPU = Debug|Any CPU
		Release|Any CPU = Release|Any CPU
	EndGlobalSection
	GlobalSection(ProjectConfigurationPlatforms) = postSolution
		{2B5B8470-A11E-4254-B3C8-5B96FAFCEE4A}.Debug|Any CPU.ActiveCfg = Debug|Any CPU
		{2B5B8470-A11E-4254-B3C8-5B96FAFCEE4A}.Debug|Any CPU.Build.0 = Debug|Any CPU
		{2B5B8470-A11E-4254-B3C8-5B96FAFCEE4A}.Release|Any CPU.ActiveCfg = Release|Any CPU
		{2B5B8470-A11E-4254-B3C8-5B96FAFCEE4A}.Release|Any CPU.Build.0 = Release|Any CPU
		{2E281F2B-F683-47B9-A7D6-431A24E4C08C}.Debug|Any CPU.ActiveCfg = Debug|Any CPU
		{2E281F2B-F683-47B9-A7D6-431A24E4C08C}.Debug|Any CPU.Build.0 = Debug|Any CPU
		{2E281F2B-F683-47B9-A7D6-431A24E4C08C}.Release|Any CPU.ActiveCfg = Release|Any CPU
		{2E281F2B-F683-47B9-A7D6-431A24E4C08C}.Release|Any CPU.Build.0 = Release|Any CPU
		{A0DEA566-6355-48FC-89C7-3534D53E10DD}.Debug|Any CPU.ActiveCfg = Debug|Any CPU
		{A0DEA566-6355-48FC-89C7-3534D53E10DD}.Debug|Any CPU.Build.0 = Debug|Any CPU
		{A0DEA566-6355-48FC-89C7-3534D53E10DD}.Release|Any CPU.ActiveCfg = Release|Any CPU
		{A0DEA566-6355-48FC-89C7-3534D53E10DD}.Release|Any CPU.Build.0 = Release|Any CPU
		{7220CEEC-2998-4A5A-9ECA-BE37EF2A0B96}.Debug|Any CPU.ActiveCfg = Debug|Any CPU
		{7220CEEC-2998-4A5A-9ECA-BE37EF2A0B96}.Debug|Any CPU.Build.0 = Debug|Any CPU
		{7220CEEC-2998-4A5A-9ECA-BE37EF2A0B96}.Release|Any CPU.ActiveCfg = Release|Any CPU
		{7220CEEC-2998-4A5A-9ECA-BE37EF2A0B96}.Release|Any CPU.Build.0 = Release|Any CPU
		{6418F35C-E1B2-44DC-A813-581E6955E7D4}.Debug|Any CPU.ActiveCfg = Debug|Any CPU
		{6418F35C-E1B2-44DC-A813-581E6955E7D4}.Debug|Any CPU.Build.0 = Debug|Any CPU
		{6418F35C-E1B2-44DC-A813-581E6955E7D4}.Release|Any CPU.ActiveCfg = Release|Any CPU
		{6418F35C-E1B2-44DC-A813-581E6955E7D4}.Release|Any CPU.Build.0 = Release|Any CPU
		{BD65B55F-D1C6-4F6E-983E-9A1F1F88209F}.Debug|Any CPU.ActiveCfg = Debug|Any CPU
		{BD65B55F-D1C6-4F6E-983E-9A1F1F88209F}.Debug|Any CPU.Build.0 = Debug|Any CPU
		{BD65B55F-D1C6-4F6E-983E-9A1F1F88209F}.Release|Any CPU.ActiveCfg = Release|Any CPU
		{BD65B55F-D1C6-4F6E-983E-9A1F1F88209F}.Release|Any CPU.Build.0 = Release|Any CPU
		{C037AFA0-9ADE-4C7A-A61E-F7DD4565EA29}.Debug|Any CPU.ActiveCfg = Debug|Any CPU
		{C037AFA0-9ADE-4C7A-A61E-F7DD4565EA29}.Debug|Any CPU.Build.0 = Debug|Any CPU
		{C037AFA0-9ADE-4C7A-A61E-F7DD4565EA29}.Release|Any CPU.ActiveCfg = Release|Any CPU
		{C037AFA0-9ADE-4C7A-A61E-F7DD4565EA29}.Release|Any CPU.Build.0 = Release|Any CPU
		{49766631-672F-4373-B800-5E2ACC0E8527}.Debug|Any CPU.ActiveCfg = Debug|Any CPU
		{49766631-672F-4373-B800-5E2ACC0E8527}.Debug|Any CPU.Build.0 = Debug|Any CPU
		{49766631-672F-4373-B800-5E2ACC0E8527}.Release|Any CPU.ActiveCfg = Release|Any CPU
		{49766631-672F-4373-B800-5E2ACC0E8527}.Release|Any CPU.Build.0 = Release|Any CPU
		{017371EF-9773-4FAD-87C2-51CDBF672279}.Debug|Any CPU.ActiveCfg = Debug|Any CPU
		{017371EF-9773-4FAD-87C2-51CDBF672279}.Debug|Any CPU.Build.0 = Debug|Any CPU
		{017371EF-9773-4FAD-87C2-51CDBF672279}.Release|Any CPU.ActiveCfg = Release|Any CPU
		{017371EF-9773-4FAD-87C2-51CDBF672279}.Release|Any CPU.Build.0 = Release|Any CPU
		{ACAD2AB3-557D-44D4-849A-CE1ED60714FE}.Debug|Any CPU.ActiveCfg = Debug|Any CPU
		{ACAD2AB3-557D-44D4-849A-CE1ED60714FE}.Debug|Any CPU.Build.0 = Debug|Any CPU
		{ACAD2AB3-557D-44D4-849A-CE1ED60714FE}.Release|Any CPU.ActiveCfg = Release|Any CPU
		{ACAD2AB3-557D-44D4-849A-CE1ED60714FE}.Release|Any CPU.Build.0 = Release|Any CPU
		{7B3CF936-F061-4E93-885C-CBF06E4045B4}.Debug|Any CPU.ActiveCfg = Debug|Any CPU
		{7B3CF936-F061-4E93-885C-CBF06E4045B4}.Debug|Any CPU.Build.0 = Debug|Any CPU
		{7B3CF936-F061-4E93-885C-CBF06E4045B4}.Release|Any CPU.ActiveCfg = Release|Any CPU
		{7B3CF936-F061-4E93-885C-CBF06E4045B4}.Release|Any CPU.Build.0 = Release|Any CPU
		{59990E38-475E-42C7-B764-67FC9FF354AD}.Debug|Any CPU.ActiveCfg = Debug|Any CPU
		{59990E38-475E-42C7-B764-67FC9FF354AD}.Debug|Any CPU.Build.0 = Debug|Any CPU
		{59990E38-475E-42C7-B764-67FC9FF354AD}.Release|Any CPU.ActiveCfg = Release|Any CPU
		{59990E38-475E-42C7-B764-67FC9FF354AD}.Release|Any CPU.Build.0 = Release|Any CPU
		{C48619AF-A033-450A-9854-D86A48988D3D}.Debug|Any CPU.ActiveCfg = Debug|Any CPU
		{C48619AF-A033-450A-9854-D86A48988D3D}.Debug|Any CPU.Build.0 = Debug|Any CPU
		{C48619AF-A033-450A-9854-D86A48988D3D}.Release|Any CPU.ActiveCfg = Release|Any CPU
		{C48619AF-A033-450A-9854-D86A48988D3D}.Release|Any CPU.Build.0 = Release|Any CPU
		{6A788509-6FDA-43A7-981C-76631B807233}.Debug|Any CPU.ActiveCfg = Debug|Any CPU
		{6A788509-6FDA-43A7-981C-76631B807233}.Debug|Any CPU.Build.0 = Debug|Any CPU
		{6A788509-6FDA-43A7-981C-76631B807233}.Release|Any CPU.ActiveCfg = Release|Any CPU
		{6A788509-6FDA-43A7-981C-76631B807233}.Release|Any CPU.Build.0 = Release|Any CPU
		{5B842D10-7220-4DB5-8600-038C9105ADDF}.Debug|Any CPU.ActiveCfg = Debug|Any CPU
		{5B842D10-7220-4DB5-8600-038C9105ADDF}.Debug|Any CPU.Build.0 = Debug|Any CPU
		{5B842D10-7220-4DB5-8600-038C9105ADDF}.Release|Any CPU.ActiveCfg = Release|Any CPU
		{5B842D10-7220-4DB5-8600-038C9105ADDF}.Release|Any CPU.Build.0 = Release|Any CPU
	EndGlobalSection
	GlobalSection(SolutionProperties) = preSolution
		HideSolutionNode = FALSE
	EndGlobalSection
	GlobalSection(ExtensibilityGlobals) = postSolution
		SolutionGuid = {5CCA0705-0E56-48B2-8B53-F51CB10EE10F}
	EndGlobalSection
EndGlobal
